// !$*UTF8*$!
{
	archiveVersion = 1;
	classes = {
	};
	objectVersion = 46;
	objects = {

/* Begin PBXBuildFile section */
		C183B3F21C59070D0098F4B6 /* main.m in Sources */ = {isa = PBXBuildFile; fileRef = C183B3F11C59070D0098F4B6 /* main.m */; };
		C183B3F51C59070D0098F4B6 /* AppDelegate.m in Sources */ = {isa = PBXBuildFile; fileRef = C183B3F41C59070D0098F4B6 /* AppDelegate.m */; };
		C183B3F81C59070D0098F4B6 /* ViewController.m in Sources */ = {isa = PBXBuildFile; fileRef = C183B3F71C59070D0098F4B6 /* ViewController.m */; };
		C183B3FB1C59070D0098F4B6 /* Main.storyboard in Resources */ = {isa = PBXBuildFile; fileRef = C183B3F91C59070D0098F4B6 /* Main.storyboard */; };
		C183B3FD1C59070D0098F4B6 /* Assets.xcassets in Resources */ = {isa = PBXBuildFile; fileRef = C183B3FC1C59070D0098F4B6 /* Assets.xcassets */; };
		C183B4001C59070D0098F4B6 /* LaunchScreen.storyboard in Resources */ = {isa = PBXBuildFile; fileRef = C183B3FE1C59070D0098F4B6 /* LaunchScreen.storyboard */; };
		C183B4091C59073A0098F4B6 /* Service.m in Sources */ = {isa = PBXBuildFile; fileRef = C183B4081C59073A0098F4B6 /* Service.m */; };
		C183B40C1C5907A20098F4B6 /* Consumer.swift in Sources */ = {isa = PBXBuildFile; fileRef = C183B40B1C5907A20098F4B6 /* Consumer.swift */; };
/* End PBXBuildFile section */

/* Begin PBXFileReference section */
		C183B3ED1C59070D0098F4B6 /* SwiftProtocolIssue.app */ = {isa = PBXFileReference; explicitFileType = wrapper.application; includeInIndex = 0; path = SwiftProtocolIssue.app; sourceTree = BUILT_PRODUCTS_DIR; };
		C183B3F11C59070D0098F4B6 /* main.m */ = {isa = PBXFileReference; lastKnownFileType = sourcecode.c.objc; path = main.m; sourceTree = "<group>"; };
		C183B3F31C59070D0098F4B6 /* AppDelegate.h */ = {isa = PBXFileReference; lastKnownFileType = sourcecode.c.h; path = AppDelegate.h; sourceTree = "<group>"; };
		C183B3F41C59070D0098F4B6 /* AppDelegate.m */ = {isa = PBXFileReference; lastKnownFileType = sourcecode.c.objc; path = AppDelegate.m; sourceTree = "<group>"; };
		C183B3F61C59070D0098F4B6 /* ViewController.h */ = {isa = PBXFileReference; lastKnownFileType = sourcecode.c.h; path = ViewController.h; sourceTree = "<group>"; };
		C183B3F71C59070D0098F4B6 /* ViewController.m */ = {isa = PBXFileReference; lastKnownFileType = sourcecode.c.objc; path = ViewController.m; sourceTree = "<group>"; };
		C183B3FA1C59070D0098F4B6 /* Base */ = {isa = PBXFileReference; lastKnownFileType = file.storyboard; name = Base; path = Base.lproj/Main.storyboard; sourceTree = "<group>"; };
		C183B3FC1C59070D0098F4B6 /* Assets.xcassets */ = {isa = PBXFileReference; lastKnownFileType = folder.assetcatalog; path = Assets.xcassets; sourceTree = "<group>"; };
		C183B3FF1C59070D0098F4B6 /* Base */ = {isa = PBXFileReference; lastKnownFileType = file.storyboard; name = Base; path = Base.lproj/LaunchScreen.storyboard; sourceTree = "<group>"; };
		C183B4011C59070D0098F4B6 /* Info.plist */ = {isa = PBXFileReference; lastKnownFileType = text.plist.xml; path = Info.plist; sourceTree = "<group>"; };
		C183B4071C59073A0098F4B6 /* Service.h */ = {isa = PBXFileReference; fileEncoding = 4; lastKnownFileType = sourcecode.c.h; path = Service.h; sourceTree = "<group>"; };
		C183B4081C59073A0098F4B6 /* Service.m */ = {isa = PBXFileReference; fileEncoding = 4; lastKnownFileType = sourcecode.c.objc; path = Service.m; sourceTree = "<group>"; };
		C183B40A1C5907A20098F4B6 /* SwiftProtocolIssue-Bridging-Header.h */ = {isa = PBXFileReference; lastKnownFileType = sourcecode.c.h; path = "SwiftProtocolIssue-Bridging-Header.h"; sourceTree = "<group>"; };
		C183B40B1C5907A20098F4B6 /* Consumer.swift */ = {isa = PBXFileReference; fileEncoding = 4; lastKnownFileType = sourcecode.swift; path = Consumer.swift; sourceTree = "<group>"; };
/* End PBXFileReference section */

/* Begin PBXFrameworksBuildPhase section */
		C183B3EA1C59070D0098F4B6 /* Frameworks */ = {
			isa = PBXFrameworksBuildPhase;
			buildActionMask = 2147483647;
			files = (
			);
			runOnlyForDeploymentPostprocessing = 0;
		};
/* End PBXFrameworksBuildPhase section */

/* Begin PBXGroup section */
		C183B3E41C59070D0098F4B6 = {
			isa = PBXGroup;
			children = (
				C183B3EF1C59070D0098F4B6 /* SwiftProtocolIssue */,
				C183B3EE1C59070D0098F4B6 /* Products */,
			);
			sourceTree = "<group>";
		};
		C183B3EE1C59070D0098F4B6 /* Products */ = {
			isa = PBXGroup;
			children = (
				C183B3ED1C59070D0098F4B6 /* SwiftProtocolIssue.app */,
			);
			name = Products;
			sourceTree = "<group>";
		};
		C183B3EF1C59070D0098F4B6 /* SwiftProtocolIssue */ = {
			isa = PBXGroup;
			children = (
				C183B3F31C59070D0098F4B6 /* AppDelegate.h */,
				C183B3F41C59070D0098F4B6 /* AppDelegate.m */,
				C183B3F61C59070D0098F4B6 /* ViewController.h */,
				C183B3F71C59070D0098F4B6 /* ViewController.m */,
				C183B3F91C59070D0098F4B6 /* Main.storyboard */,
				C183B3FC1C59070D0098F4B6 /* Assets.xcassets */,
				C183B3FE1C59070D0098F4B6 /* LaunchScreen.storyboard */,
				C183B4011C59070D0098F4B6 /* Info.plist */,
				C183B3F01C59070D0098F4B6 /* Supporting Files */,
				C183B4071C59073A0098F4B6 /* Service.h */,
				C183B4081C59073A0098F4B6 /* Service.m */,
				C183B40B1C5907A20098F4B6 /* Consumer.swift */,
				C183B40A1C5907A20098F4B6 /* SwiftProtocolIssue-Bridging-Header.h */,
			);
			path = SwiftProtocolIssue;
			sourceTree = "<group>";
		};
		C183B3F01C59070D0098F4B6 /* Supporting Files */ = {
			isa = PBXGroup;
			children = (
				C183B3F11C59070D0098F4B6 /* main.m */,
			);
			name = "Supporting Files";
			sourceTree = "<group>";
		};
/* End PBXGroup section */

/* Begin PBXNativeTarget section */
		C183B3EC1C59070D0098F4B6 /* SwiftProtocolIssue */ = {
			isa = PBXNativeTarget;
			buildConfigurationList = C183B4041C59070D0098F4B6 /* Build configuration list for PBXNativeTarget "SwiftProtocolIssue" */;
			buildPhases = (
				C183B3E91C59070D0098F4B6 /* Sources */,
				C183B3EA1C59070D0098F4B6 /* Frameworks */,
				C183B3EB1C59070D0098F4B6 /* Resources */,
			);
			buildRules = (
			);
			dependencies = (
			);
			name = SwiftProtocolIssue;
			productName = SwiftProtocolIssue;
			productReference = C183B3ED1C59070D0098F4B6 /* SwiftProtocolIssue.app */;
			productType = "com.apple.product-type.application";
		};
/* End PBXNativeTarget section */

/* Begin PBXProject section */
		C183B3E51C59070D0098F4B6 /* Project object */ = {
			isa = PBXProject;
			attributes = {
				LastUpgradeCheck = 0730;
				ORGANIZATIONNAME = "Martin Lloyd";
				TargetAttributes = {
					C183B3EC1C59070D0098F4B6 = {
						CreatedOnToolsVersion = 7.3;
					};
				};
			};
			buildConfigurationList = C183B3E81C59070D0098F4B6 /* Build configuration list for PBXProject "SwiftProtocolIssue" */;
			compatibilityVersion = "Xcode 3.2";
			developmentRegion = English;
			hasScannedForEncodings = 0;
			knownRegions = (
				en,
				Base,
			);
			mainGroup = C183B3E41C59070D0098F4B6;
			productRefGroup = C183B3EE1C59070D0098F4B6 /* Products */;
			projectDirPath = "";
			projectRoot = "";
			targets = (
				C183B3EC1C59070D0098F4B6 /* SwiftProtocolIssue */,
			);
		};
/* End PBXProject section */

/* Begin PBXResourcesBuildPhase section */
		C183B3EB1C59070D0098F4B6 /* Resources */ = {
			isa = PBXResourcesBuildPhase;
			buildActionMask = 2147483647;
			files = (
				C183B4001C59070D0098F4B6 /* LaunchScreen.storyboard in Resources */,
				C183B3FD1C59070D0098F4B6 /* Assets.xcassets in Resources */,
				C183B3FB1C59070D0098F4B6 /* Main.storyboard in Resources */,
			);
			runOnlyForDeploymentPostprocessing = 0;
		};
/* End PBXResourcesBuildPhase section */

/* Begin PBXSourcesBuildPhase section */
		C183B3E91C59070D0098F4B6 /* Sources */ = {
			isa = PBXSourcesBuildPhase;
			buildActionMask = 2147483647;
			files = (
				C183B40C1C5907A20098F4B6 /* Consumer.swift in Sources */,
				C183B3F81C59070D0098F4B6 /* ViewController.m in Sources */,
				C183B4091C59073A0098F4B6 /* Service.m in Sources */,
				C183B3F51C59070D0098F4B6 /* AppDelegate.m in Sources */,
				C183B3F21C59070D0098F4B6 /* main.m in Sources */,
			);
			runOnlyForDeploymentPostprocessing = 0;
		};
/* End PBXSourcesBuildPhase section */

/* Begin PBXVariantGroup section */
		C183B3F91C59070D0098F4B6 /* Main.storyboard */ = {
			isa = PBXVariantGroup;
			children = (
				C183B3FA1C59070D0098F4B6 /* Base */,
			);
			name = Main.storyboard;
			sourceTree = "<group>";
		};
		C183B3FE1C59070D0098F4B6 /* LaunchScreen.storyboard */ = {
			isa = PBXVariantGroup;
			children = (
				C183B3FF1C59070D0098F4B6 /* Base */,
			);
			name = LaunchScreen.storyboard;
			sourceTree = "<group>";
		};
/* End PBXVariantGroup section */

/* Begin XCBuildConfiguration section */
		C183B4021C59070D0098F4B6 /* Debug */ = {
			isa = XCBuildConfiguration;
			buildSettings = {
				ALWAYS_SEARCH_USER_PATHS = NO;
				CLANG_CXX_LANGUAGE_STANDARD = "gnu++0x";
				CLANG_CXX_LIBRARY = "libc++";
				CLANG_ENABLE_MODULES = YES;
				CLANG_ENABLE_OBJC_ARC = YES;
				CLANG_WARN_BOOL_CONVERSION = YES;
				CLANG_WARN_CONSTANT_CONVERSION = YES;
				CLANG_WARN_DIRECT_OBJC_ISA_USAGE = YES_ERROR;
				CLANG_WARN_EMPTY_BODY = YES;
				CLANG_WARN_ENUM_CONVERSION = YES;
				CLANG_WARN_INT_CONVERSION = YES;
				CLANG_WARN_OBJC_ROOT_CLASS = YES_ERROR;
				CLANG_WARN_UNREACHABLE_CODE = YES;
				CLANG_WARN__DUPLICATE_METHOD_MATCH = YES;
				"CODE_SIGN_IDENTITY[sdk=iphoneos*]" = "iPhone Developer";
				COPY_PHASE_STRIP = NO;
				DEBUG_INFORMATION_FORMAT = dwarf;
				ENABLE_STRICT_OBJC_MSGSEND = YES;
				ENABLE_TESTABILITY = YES;
				GCC_C_LANGUAGE_STANDARD = gnu99;
				GCC_DYNAMIC_NO_PIC = NO;
				GCC_NO_COMMON_BLOCKS = YES;
				GCC_OPTIMIZATION_LEVEL = 0;
				GCC_PREPROCESSOR_DEFINITIONS = (
					"DEBUG=1",
					"$(inherited)",
				);
				GCC_WARN_64_TO_32_BIT_CONVERSION = YES;
				GCC_WARN_ABOUT_RETURN_TYPE = YES_ERROR;
				GCC_WARN_UNDECLARED_SELECTOR = YES;
				GCC_WARN_UNINITIALIZED_AUTOS = YES_AGGRESSIVE;
				GCC_WARN_UNUSED_FUNCTION = YES;
				GCC_WARN_UNUSED_VARIABLE = YES;
				IPHONEOS_DEPLOYMENT_TARGET = 9.3;
				MTL_ENABLE_DEBUG_INFO = YES;
				ONLY_ACTIVE_ARCH = YES;
				SDKROOT = iphoneos;
				TARGETED_DEVICE_FAMILY = "1,2";
			};
			name = Debug;
		};
		C183B4031C59070D0098F4B6 /* Release */ = {
			isa = XCBuildConfiguration;
			buildSettings = {
				ALWAYS_SEARCH_USER_PATHS = NO;
				CLANG_CXX_LANGUAGE_STANDARD = "gnu++0x";
				CLANG_CXX_LIBRARY = "libc++";
				CLANG_ENABLE_MODULES = YES;
				CLANG_ENABLE_OBJC_ARC = YES;
				CLANG_WARN_BOOL_CONVERSION = YES;
				CLANG_WARN_CONSTANT_CONVERSION = YES;
				CLANG_WARN_DIRECT_OBJC_ISA_USAGE = YES_ERROR;
				CLANG_WARN_EMPTY_BODY = YES;
				CLANG_WARN_ENUM_CONVERSION = YES;
				CLANG_WARN_INT_CONVERSION = YES;
				CLANG_WARN_OBJC_ROOT_CLASS = YES_ERROR;
				CLANG_WARN_UNREACHABLE_CODE = YES;
				CLANG_WARN__DUPLICATE_METHOD_MATCH = YES;
				"CODE_SIGN_IDENTITY[sdk=iphoneos*]" = "iPhone Developer";
				COPY_PHASE_STRIP = NO;
				DEBUG_INFORMATION_FORMAT = "dwarf-with-dsym";
				ENABLE_NS_ASSERTIONS = NO;
				ENABLE_STRICT_OBJC_MSGSEND = YES;
				GCC_C_LANGUAGE_STANDARD = gnu99;
				GCC_NO_COMMON_BLOCKS = YES;
				GCC_WARN_64_TO_32_BIT_CONVERSION = YES;
				GCC_WARN_ABOUT_RETURN_TYPE = YES_ERROR;
				GCC_WARN_UNDECLARED_SELECTOR = YES;
				GCC_WARN_UNINITIALIZED_AUTOS = YES_AGGRESSIVE;
				GCC_WARN_UNUSED_FUNCTION = YES;
				GCC_WARN_UNUSED_VARIABLE = YES;
				IPHONEOS_DEPLOYMENT_TARGET = 9.3;
				MTL_ENABLE_DEBUG_INFO = NO;
				SDKROOT = iphoneos;
				TARGETED_DEVICE_FAMILY = "1,2";
				VALIDATE_PRODUCT = YES;
			};
			name = Release;
		};
		C183B4051C59070D0098F4B6 /* Debug */ = {
			isa = XCBuildConfiguration;
			buildSettings = {
				ASSETCATALOG_COMPILER_APPICON_NAME = AppIcon;
				CLANG_ENABLE_MODULES = YES;
				INFOPLIST_FILE = SwiftProtocolIssue/Info.plist;
				IPHONEOS_DEPLOYMENT_TARGET = 9.0;
				LD_RUNPATH_SEARCH_PATHS = "$(inherited) @executable_path/Frameworks";
				PRODUCT_BUNDLE_IDENTIFIER = mlloyd.SwiftProtocolIssue;
				PRODUCT_NAME = "$(TARGET_NAME)";
				SWIFT_OBJC_BRIDGING_HEADER = "SwiftProtocolIssue/SwiftProtocolIssue-Bridging-Header.h";
				SWIFT_OPTIMIZATION_LEVEL = "-Onone";
			};
			name = Debug;
		};
		C183B4061C59070D0098F4B6 /* Release */ = {
			isa = XCBuildConfiguration;
			buildSettings = {
				ASSETCATALOG_COMPILER_APPICON_NAME = AppIcon;
				CLANG_ENABLE_MODULES = YES;
				INFOPLIST_FILE = SwiftProtocolIssue/Info.plist;
				IPHONEOS_DEPLOYMENT_TARGET = 9.0;
				LD_RUNPATH_SEARCH_PATHS = "$(inherited) @executable_path/Frameworks";
				PRODUCT_BUNDLE_IDENTIFIER = mlloyd.SwiftProtocolIssue;
				PRODUCT_NAME = "$(TARGET_NAME)";
				SWIFT_OBJC_BRIDGING_HEADER = "SwiftProtocolIssue/SwiftProtocolIssue-Bridging-Header.h";
			};
			name = Release;
		};
/* End XCBuildConfiguration section */

/* Begin XCConfigurationList section */
		C183B3E81C59070D0098F4B6 /* Build configuration list for PBXProject "SwiftProtocolIssue" */ = {
			isa = XCConfigurationList;
			buildConfigurations = (
				C183B4021C59070D0098F4B6 /* Debug */,
				C183B4031C59070D0098F4B6 /* Release */,
			);
			defaultConfigurationIsVisible = 0;
			defaultConfigurationName = Release;
		};
		C183B4041C59070D0098F4B6 /* Build configuration list for PBXNativeTarget "SwiftProtocolIssue" */ = {
			isa = XCConfigurationList;
			buildConfigurations = (
				C183B4051C59070D0098F4B6 /* Debug */,
				C183B4061C59070D0098F4B6 /* Release */,
			);
			defaultConfigurationIsVisible = 0;
			defaultConfigurationName = Release;
		};
/* End XCConfigurationList section */
	};
	rootObject = C183B3E51C59070D0098F4B6 /* Project object */;
}
